<?xml version="1.0" encoding="utf-8"?>
<Project ToolsVersion="4.0" xmlns="http://schemas.microsoft.com/developer/msbuild/2003">
  <ItemGroup>
    <Filter Include="Source Files">
      <UniqueIdentifier>{4FC737F1-C7A5-4376-A066-2A32D752A2FF}</UniqueIdentifier>
      <Extensions>cpp;c;cc;cxx;c++;cppm;ixx;def;odl;idl;hpj;bat;asm;asmx</Extensions>
    </Filter>
    <Filter Include="Header Files">
      <UniqueIdentifier>{93995380-89BD-4b04-88EB-625FBE52EBFB}</UniqueIdentifier>
      <Extensions>h;hh;hpp;hxx;h++;hm;inl;inc;ipp;xsd</Extensions>
    </Filter>
    <Filter Include="Resource Files">
      <UniqueIdentifier>{67DA6AB6-F800-4c08-8B7A-83BB121AAD01}</UniqueIdentifier>
      <Extensions>rc;ico;cur;bmp;dlg;rc2;rct;bin;rgs;gif;jpg;jpeg;jpe;resx;tiff;tif;png;wav;mfcribbon-ms</Extensions>
    </Filter>
    <Filter Include="Header Files\visualizer">
      <UniqueIdentifier>{f60704c3-ba62-4d83-9836-0ef5591ae0d2}</UniqueIdentifier>
    </Filter>
    <Filter Include="Header Files\networking">
      <UniqueIdentifier>{4329a071-356f-4b6a-be24-8accede20f67}</UniqueIdentifier>
    </Filter>
    <Filter Include="Header Files\hud">
      <UniqueIdentifier>{7b1b69a8-90e4-4a42-b7a2-9398fc475ee1}</UniqueIdentifier>
    </Filter>
    <Filter Include="Header Files\backend">
      <UniqueIdentifier>{e6f0a4ac-6df5-4d97-a74c-f2c83d999eb4}</UniqueIdentifier>
    </Filter>
  </ItemGroup>
  <ItemGroup>
    <ClCompile Include="minesweeper.cpp">
      <Filter>Source Files</Filter>
    </ClCompile>
    <ClCompile Include="engine.cpp">
      <Filter>Source Files</Filter>
    </ClCompile>
  </ItemGroup>
  <ItemGroup>
    <ClInclude Include="visualizer.h">
      <Filter>Header Files\visualizer</Filter>
    </ClInclude>
    <ClInclude Include="vis4d.h">
      <Filter>Header Files\visualizer</Filter>
    </ClInclude>
    <ClInclude Include="vis3d.h">
      <Filter>Header Files\visualizer</Filter>
    </ClInclude>
    <ClInclude Include="theme.h">
      <Filter>Header Files</Filter>
    </ClInclude>
    <ClInclude Include="vis2d.h">
      <Filter>Header Files\visualizer</Filter>
    </ClInclude>
    <ClInclude Include="particles.h">
      <Filter>Header Files</Filter>
    </ClInclude>
    <ClInclude Include="network.h">
      <Filter>Header Files\networking</Filter>
    </ClInclude>
    <ClInclude Include="app.h">
      <Filter>Header Files</Filter>
    </ClInclude>
    <ClInclude Include="gameui.h">
      <Filter>Header Files\hud</Filter>
    </ClInclude>
    <ClInclude Include="menu.h">
      <Filter>Header Files\hud</Filter>
    </ClInclude>
    <ClInclude Include="gamehud.h">
      <Filter>Header Files\hud</Filter>
    </ClInclude>
    <ClInclude Include="bitboards.h">
      <Filter>Header Files\backend</Filter>
    </ClInclude>
    <ClInclude Include="engine.h">
      <Filter>Header Files\backend</Filter>
    </ClInclude>
    <ClInclude Include="appstate.h">
      <Filter>Header Files\backend</Filter>
    </ClInclude>
  </ItemGroup>
  <ItemGroup>
    <None Include="assets\grid.glsl">
      <Filter>Resource Files</Filter>
    </None>
    <None Include="assets\shader.glsl">
      <Filter>Resource Files</Filter>
    </None>
  </ItemGroup>
</Project>